
Microsoft Visual Studio Solution File, Format Version 12.00
Project("{8BC9CEB8-8B4A-11D0-8D11-00A0C91BC942}") = "TP1_TomDouaud", "TP1_TomDouaud\TP1_TomDouaud.vcxproj", "{AEE472AC-9CA5-4BC9-AB9E-DF3672CCAB87}"
EndProject
Global
	GlobalSection(SolutionConfigurationPlatforms) = preSolution
		Debug|Any CPU = Debug|Any CPU
		Release|Any CPU = Release|Any CPU
	EndGlobalSection
	GlobalSection(ProjectConfigurationPlatforms) = postSolution
		{AEE472AC-9CA5-4BC9-AB9E-DF3672CCAB87}.Debug|Any CPU.ActiveCfg = Debug|Win32
		{AEE472AC-9CA5-4BC9-AB9E-DF3672CCAB87}.Debug|Any CPU.Build.0 = Debug|Win32
		{AEE472AC-9CA5-4BC9-AB9E-DF3672CCAB87}.Release|Any CPU.ActiveCfg = Debug|x64
		{AEE472AC-9CA5-4BC9-AB9E-DF3672CCAB87}.Release|Any CPU.Build.0 = Debug|x64
	EndGlobalSection
EndGlobal
